# THIS IS AN AUTOGENERATED FILE. DO NOT EDIT THIS FILE DIRECTLY.
# yarn lockfile v1


codemirror@^5.57.0:
  version "5.57.0"
  resolved "https://registry.yarnpkg.com/codemirror/-/codemirror-5.57.0.tgz#d26365b72f909f5d2dbb6b1209349ca1daeb2d50"
  integrity sha512-WGc6UL7Hqt+8a6ZAsj/f1ApQl3NPvHY/UQSzG6fB6l4BjExgVdhFaxd7mRTw1UCiYe/6q86zHP+kfvBQcZGvUg==
